
Microsoft Visual Studio Solution File, Format Version 12.00
# Visual Studio Version 17
VisualStudioVersion = 17.1.32210.238
MinimumVisualStudioVersion = 10.0.40219.1
Project("{FAE04EC0-301F-11D3-BF4B-00C04F79EFBC}") = "AppService", "AppService\AppService.csproj", "{FA4D3801-5C54-4187-921D-98FDCC1E1182}"
EndProject
Project("{FAE04EC0-301F-11D3-BF4B-00C04F79EFBC}") = "AppConnection", "AppConnection\AppConnection.csproj", "{69F92CB6-7D45-4D74-A550-1C60B02B9F1F}"
EndProject
Project("{FAE04EC0-301F-11D3-BF4B-00C04F79EFBC}") = "DTO", "DTO\DTO.csproj", "{41615E11-7FAD-4B93-8675-D22218DEDD2B}"
EndProject
Project("{FAE04EC0-301F-11D3-BF4B-00C04F79EFBC}") = "AppHelper", "AppHelper\AppHelper.csproj", "{322DD0BA-614B-4DA0-B416-8F07B2D42521}"
EndProject
Project("{FAE04EC0-301F-11D3-BF4B-00C04F79EFBC}") = "AppWeb", "AppWeb\AppWeb.csproj", "{76942EB4-89B0-40BE-9028-EBED0EB8A6FC}"
EndProject
Global
	GlobalSection(SolutionConfigurationPlatforms) = preSolution
		Debug|Any CPU = Debug|Any CPU
		Release|Any CPU = Release|Any CPU
	EndGlobalSection
	GlobalSection(ProjectConfigurationPlatforms) = postSolution
		{FA4D3801-5C54-4187-921D-98FDCC1E1182}.Debug|Any CPU.ActiveCfg = Debug|Any CPU
		{FA4D3801-5C54-4187-921D-98FDCC1E1182}.Debug|Any CPU.Build.0 = Debug|Any CPU
		{FA4D3801-5C54-4187-921D-98FDCC1E1182}.Release|Any CPU.ActiveCfg = Release|Any CPU
		{FA4D3801-5C54-4187-921D-98FDCC1E1182}.Release|Any CPU.Build.0 = Release|Any CPU
		{69F92CB6-7D45-4D74-A550-1C60B02B9F1F}.Debug|Any CPU.ActiveCfg = Debug|Any CPU
		{69F92CB6-7D45-4D74-A550-1C60B02B9F1F}.Debug|Any CPU.Build.0 = Debug|Any CPU
		{69F92CB6-7D45-4D74-A550-1C60B02B9F1F}.Release|Any CPU.ActiveCfg = Release|Any CPU
		{69F92CB6-7D45-4D74-A550-1C60B02B9F1F}.Release|Any CPU.Build.0 = Release|Any CPU
		{41615E11-7FAD-4B93-8675-D22218DEDD2B}.Debug|Any CPU.ActiveCfg = Debug|Any CPU
		{41615E11-7FAD-4B93-8675-D22218DEDD2B}.Debug|Any CPU.Build.0 = Debug|Any CPU
		{41615E11-7FAD-4B93-8675-D22218DEDD2B}.Release|Any CPU.ActiveCfg = Release|Any CPU
		{41615E11-7FAD-4B93-8675-D22218DEDD2B}.Release|Any CPU.Build.0 = Release|Any CPU
		{322DD0BA-614B-4DA0-B416-8F07B2D42521}.Debug|Any CPU.ActiveCfg = Debug|Any CPU
		{322DD0BA-614B-4DA0-B416-8F07B2D42521}.Debug|Any CPU.Build.0 = Debug|Any CPU
		{322DD0BA-614B-4DA0-B416-8F07B2D42521}.Release|Any CPU.ActiveCfg = Release|Any CPU
		{322DD0BA-614B-4DA0-B416-8F07B2D42521}.Release|Any CPU.Build.0 = Release|Any CPU
		{76942EB4-89B0-40BE-9028-EBED0EB8A6FC}.Debug|Any CPU.ActiveCfg = Debug|Any CPU
		{76942EB4-89B0-40BE-9028-EBED0EB8A6FC}.Debug|Any CPU.Build.0 = Debug|Any CPU
		{76942EB4-89B0-40BE-9028-EBED0EB8A6FC}.Release|Any CPU.ActiveCfg = Release|Any CPU
		{76942EB4-89B0-40BE-9028-EBED0EB8A6FC}.Release|Any CPU.Build.0 = Release|Any CPU
	EndGlobalSection
	GlobalSection(SolutionProperties) = preSolution
		HideSolutionNode = FALSE
	EndGlobalSection
	GlobalSection(ExtensibilityGlobals) = postSolution
		SolutionGuid = {96C99C22-05F2-4D81-929A-03A78BF4DD6B}
	EndGlobalSection
EndGlobal
